
Microsoft Visual Studio Solution File, Format Version 12.00
# Visual Studio Version 17
VisualStudioVersion = 17.4.33403.182
MinimumVisualStudioVersion = 10.0.40219.1
Project("{9A19103F-16F7-4668-BE54-9A1E7A4F7556}") = "Ders2Diziler", "6584Charp\Ders2Diziler.csproj", "{0DCFAD7B-B337-4CF8-8A12-9CBDC5316CB1}"
EndProject
Project("{9A19103F-16F7-4668-BE54-9A1E7A4F7556}") = "Ders03TipDonusumleri", "Ders03TipDonusumleri\Ders03TipDonusumleri.csproj", "{E20EF6A3-AFF5-4FEA-ABC8-2B28BF6844E2}"
EndProject
Project("{9A19103F-16F7-4668-BE54-9A1E7A4F7556}") = "Ders04Operatorler", "Ders04Operatorler\Ders04Operatorler.csproj", "{FB185C1C-CD1F-4F11-A465-84240B6136E2}"
EndProject
Project("{9A19103F-16F7-4668-BE54-9A1E7A4F7556}") = "Ders05KosulYapilari", "Ders05KosulYapilari\Ders05KosulYapilari.csproj", "{E42DD370-AE6F-46BD-8D07-522475280BF8}"
EndProject
Project("{9A19103F-16F7-4668-BE54-9A1E7A4F7556}") = "Ders06Dongüler", "Ders06Dongüler\Ders06Dongüler.csproj", "{3E36B642-59DB-45BB-935A-5CF1B2DE08E8}"
EndProject
Project("{9A19103F-16F7-4668-BE54-9A1E7A4F7556}") = "Ders07Metotlar", "Ders07Metotlar\Ders07Metotlar.csproj", "{128B2A33-53C4-46EC-B3D0-5AE3AA7930F9}"
EndProject
Project("{9A19103F-16F7-4668-BE54-9A1E7A4F7556}") = "Ders08Classlar", "Ders08Classlar\Ders08Classlar.csproj", "{E2B09263-C71E-448B-92E8-65A577511D10}"
EndProject
Project("{9A19103F-16F7-4668-BE54-9A1E7A4F7556}") = "Ders09ErisimBelirleyiciler", "Ders09ErisimBelirleyiciler\Ders09ErisimBelirleyiciler.csproj", "{05ACEC32-F920-4EF4-8E39-644F20B91355}"
EndProject
Project("{9A19103F-16F7-4668-BE54-9A1E7A4F7556}") = "Ders10ÖzgenlerProperties", "Ders10ÖzgenlerProperties\Ders10ÖzgenlerProperties.csproj", "{0F77F644-7426-4E6D-9B9F-EF76A8C5FAEE}"
EndProject
Project("{9A19103F-16F7-4668-BE54-9A1E7A4F7556}") = "Ders11YapilarStruct", "Ders11YapilarStruct\Ders11YapilarStruct.csproj", "{36DFC6F5-DCD7-4C0B-BEFD-1838A00C86C1}"
EndProject
Project("{9A19103F-16F7-4668-BE54-9A1E7A4F7556}") = "Ders12StringSinifi", "Ders12StringSinifi\Ders12StringSinifi.csproj", "{245628C8-9F8D-4D6D-A9EE-B112241986A1}"
EndProject
Project("{9A19103F-16F7-4668-BE54-9A1E7A4F7556}") = "Ders13Enumlar", "Ders13Enumlar\Ders13Enumlar.csproj", "{9E4F820C-3516-4F7E-99C5-64798D2F290D}"
EndProject
Project("{9A19103F-16F7-4668-BE54-9A1E7A4F7556}") = "Ders14KalitimInheritance", "Ders14KalitimInheritance\Ders14KalitimInheritance.csproj", "{CE9B2E2A-3B87-4D40-B372-F59BA65D5F4D}"
EndProject
Project("{9A19103F-16F7-4668-BE54-9A1E7A4F7556}") = "Ders15KapsullemeEncapsulation", "Ders15KapsullemeEncapsulation\Ders15KapsullemeEncapsulation.csproj", "{B9FAB62D-8D9F-4236-922E-79A0C07E83BD}"
EndProject
Project("{9A19103F-16F7-4668-BE54-9A1E7A4F7556}") = "Ders16İnterfacesArayüzler", "Ders16İnterfacecArayüzler\Ders16İnterfacesArayüzler.csproj", "{7F5DC407-9AFB-4740-812D-EE028661DD52}"
EndProject
Project("{9A19103F-16F7-4668-BE54-9A1E7A4F7556}") = "Ders17AbstractSiniflar", "Ders17AbstractSiniflar\Ders17AbstractSiniflar.csproj", "{8FC3FCF5-8F3E-46DE-9497-34C89847205E}"
EndProject
Project("{9A19103F-16F7-4668-BE54-9A1E7A4F7556}") = "Ders18Koleksiyonlar", "Ders18Koleksiyonlar\Ders18Koleksiyonlar.csproj", "{CD64CC34-8534-42FE-915B-A16E8C6EC074}"
EndProject
Project("{FAE04EC0-301F-11D3-BF4B-00C04F79EFBC}") = "Ders19ClassLibraryKullanimi", "Ders19ClassLibraryKullanimi\Ders19ClassLibraryKullanimi.csproj", "{AA7557D7-A561-42EA-911B-51B8D0BE0462}"
EndProject
Project("{FAE04EC0-301F-11D3-BF4B-00C04F79EFBC}") = "Entities", "Entities\Entities.csproj", "{6F778D5D-CD7C-446D-A6B2-5BD2A3F36798}"
EndProject
Project("{FAE04EC0-301F-11D3-BF4B-00C04F79EFBC}") = "WindowsForms", "WindowsForms\WindowsForms.csproj", "{455D0FA4-4616-437D-A580-B2686B07000B}"
EndProject
Global
	GlobalSection(SolutionConfigurationPlatforms) = preSolution
		Debug|Any CPU = Debug|Any CPU
		Release|Any CPU = Release|Any CPU
	EndGlobalSection
	GlobalSection(ProjectConfigurationPlatforms) = postSolution
		{0DCFAD7B-B337-4CF8-8A12-9CBDC5316CB1}.Debug|Any CPU.ActiveCfg = Debug|Any CPU
		{0DCFAD7B-B337-4CF8-8A12-9CBDC5316CB1}.Debug|Any CPU.Build.0 = Debug|Any CPU
		{0DCFAD7B-B337-4CF8-8A12-9CBDC5316CB1}.Release|Any CPU.ActiveCfg = Release|Any CPU
		{0DCFAD7B-B337-4CF8-8A12-9CBDC5316CB1}.Release|Any CPU.Build.0 = Release|Any CPU
		{E20EF6A3-AFF5-4FEA-ABC8-2B28BF6844E2}.Debug|Any CPU.ActiveCfg = Debug|Any CPU
		{E20EF6A3-AFF5-4FEA-ABC8-2B28BF6844E2}.Debug|Any CPU.Build.0 = Debug|Any CPU
		{E20EF6A3-AFF5-4FEA-ABC8-2B28BF6844E2}.Release|Any CPU.ActiveCfg = Release|Any CPU
		{E20EF6A3-AFF5-4FEA-ABC8-2B28BF6844E2}.Release|Any CPU.Build.0 = Release|Any CPU
		{FB185C1C-CD1F-4F11-A465-84240B6136E2}.Debug|Any CPU.ActiveCfg = Debug|Any CPU
		{FB185C1C-CD1F-4F11-A465-84240B6136E2}.Debug|Any CPU.Build.0 = Debug|Any CPU
		{FB185C1C-CD1F-4F11-A465-84240B6136E2}.Release|Any CPU.ActiveCfg = Release|Any CPU
		{FB185C1C-CD1F-4F11-A465-84240B6136E2}.Release|Any CPU.Build.0 = Release|Any CPU
		{E42DD370-AE6F-46BD-8D07-522475280BF8}.Debug|Any CPU.ActiveCfg = Debug|Any CPU
		{E42DD370-AE6F-46BD-8D07-522475280BF8}.Debug|Any CPU.Build.0 = Debug|Any CPU
		{E42DD370-AE6F-46BD-8D07-522475280BF8}.Release|Any CPU.ActiveCfg = Release|Any CPU
		{E42DD370-AE6F-46BD-8D07-522475280BF8}.Release|Any CPU.Build.0 = Release|Any CPU
		{3E36B642-59DB-45BB-935A-5CF1B2DE08E8}.Debug|Any CPU.ActiveCfg = Debug|Any CPU
		{3E36B642-59DB-45BB-935A-5CF1B2DE08E8}.Debug|Any CPU.Build.0 = Debug|Any CPU
		{3E36B642-59DB-45BB-935A-5CF1B2DE08E8}.Release|Any CPU.ActiveCfg = Release|Any CPU
		{3E36B642-59DB-45BB-935A-5CF1B2DE08E8}.Release|Any CPU.Build.0 = Release|Any CPU
		{128B2A33-53C4-46EC-B3D0-5AE3AA7930F9}.Debug|Any CPU.ActiveCfg = Debug|Any CPU
		{128B2A33-53C4-46EC-B3D0-5AE3AA7930F9}.Debug|Any CPU.Build.0 = Debug|Any CPU
		{128B2A33-53C4-46EC-B3D0-5AE3AA7930F9}.Release|Any CPU.ActiveCfg = Release|Any CPU
		{128B2A33-53C4-46EC-B3D0-5AE3AA7930F9}.Release|Any CPU.Build.0 = Release|Any CPU
		{E2B09263-C71E-448B-92E8-65A577511D10}.Debug|Any CPU.ActiveCfg = Debug|Any CPU
		{E2B09263-C71E-448B-92E8-65A577511D10}.Debug|Any CPU.Build.0 = Debug|Any CPU
		{E2B09263-C71E-448B-92E8-65A577511D10}.Release|Any CPU.ActiveCfg = Release|Any CPU
		{E2B09263-C71E-448B-92E8-65A577511D10}.Release|Any CPU.Build.0 = Release|Any CPU
		{05ACEC32-F920-4EF4-8E39-644F20B91355}.Debug|Any CPU.ActiveCfg = Debug|Any CPU
		{05ACEC32-F920-4EF4-8E39-644F20B91355}.Debug|Any CPU.Build.0 = Debug|Any CPU
		{05ACEC32-F920-4EF4-8E39-644F20B91355}.Release|Any CPU.ActiveCfg = Release|Any CPU
		{05ACEC32-F920-4EF4-8E39-644F20B91355}.Release|Any CPU.Build.0 = Release|Any CPU
		{0F77F644-7426-4E6D-9B9F-EF76A8C5FAEE}.Debug|Any CPU.ActiveCfg = Debug|Any CPU
		{0F77F644-7426-4E6D-9B9F-EF76A8C5FAEE}.Debug|Any CPU.Build.0 = Debug|Any CPU
		{0F77F644-7426-4E6D-9B9F-EF76A8C5FAEE}.Release|Any CPU.ActiveCfg = Release|Any CPU
		{0F77F644-7426-4E6D-9B9F-EF76A8C5FAEE}.Release|Any CPU.Build.0 = Release|Any CPU
		{36DFC6F5-DCD7-4C0B-BEFD-1838A00C86C1}.Debug|Any CPU.ActiveCfg = Debug|Any CPU
		{36DFC6F5-DCD7-4C0B-BEFD-1838A00C86C1}.Debug|Any CPU.Build.0 = Debug|Any CPU
		{36DFC6F5-DCD7-4C0B-BEFD-1838A00C86C1}.Release|Any CPU.ActiveCfg = Release|Any CPU
		{36DFC6F5-DCD7-4C0B-BEFD-1838A00C86C1}.Release|Any CPU.Build.0 = Release|Any CPU
		{245628C8-9F8D-4D6D-A9EE-B112241986A1}.Debug|Any CPU.ActiveCfg = Debug|Any CPU
		{245628C8-9F8D-4D6D-A9EE-B112241986A1}.Debug|Any CPU.Build.0 = Debug|Any CPU
		{245628C8-9F8D-4D6D-A9EE-B112241986A1}.Release|Any CPU.ActiveCfg = Release|Any CPU
		{245628C8-9F8D-4D6D-A9EE-B112241986A1}.Release|Any CPU.Build.0 = Release|Any CPU
		{9E4F820C-3516-4F7E-99C5-64798D2F290D}.Debug|Any CPU.ActiveCfg = Debug|Any CPU
		{9E4F820C-3516-4F7E-99C5-64798D2F290D}.Debug|Any CPU.Build.0 = Debug|Any CPU
		{9E4F820C-3516-4F7E-99C5-64798D2F290D}.Release|Any CPU.ActiveCfg = Release|Any CPU
		{9E4F820C-3516-4F7E-99C5-64798D2F290D}.Release|Any CPU.Build.0 = Release|Any CPU
		{CE9B2E2A-3B87-4D40-B372-F59BA65D5F4D}.Debug|Any CPU.ActiveCfg = Debug|Any CPU
		{CE9B2E2A-3B87-4D40-B372-F59BA65D5F4D}.Debug|Any CPU.Build.0 = Debug|Any CPU
		{CE9B2E2A-3B87-4D40-B372-F59BA65D5F4D}.Release|Any CPU.ActiveCfg = Release|Any CPU
		{CE9B2E2A-3B87-4D40-B372-F59BA65D5F4D}.Release|Any CPU.Build.0 = Release|Any CPU
		{B9FAB62D-8D9F-4236-922E-79A0C07E83BD}.Debug|Any CPU.ActiveCfg = Debug|Any CPU
		{B9FAB62D-8D9F-4236-922E-79A0C07E83BD}.Debug|Any CPU.Build.0 = Debug|Any CPU
		{B9FAB62D-8D9F-4236-922E-79A0C07E83BD}.Release|Any CPU.ActiveCfg = Release|Any CPU
		{B9FAB62D-8D9F-4236-922E-79A0C07E83BD}.Release|Any CPU.Build.0 = Release|Any CPU
		{7F5DC407-9AFB-4740-812D-EE028661DD52}.Debug|Any CPU.ActiveCfg = Debug|Any CPU
		{7F5DC407-9AFB-4740-812D-EE028661DD52}.Debug|Any CPU.Build.0 = Debug|Any CPU
		{7F5DC407-9AFB-4740-812D-EE028661DD52}.Release|Any CPU.ActiveCfg = Release|Any CPU
		{7F5DC407-9AFB-4740-812D-EE028661DD52}.Release|Any CPU.Build.0 = Release|Any CPU
		{8FC3FCF5-8F3E-46DE-9497-34C89847205E}.Debug|Any CPU.ActiveCfg = Debug|Any CPU
		{8FC3FCF5-8F3E-46DE-9497-34C89847205E}.Debug|Any CPU.Build.0 = Debug|Any CPU
		{8FC3FCF5-8F3E-46DE-9497-34C89847205E}.Release|Any CPU.ActiveCfg = Release|Any CPU
		{8FC3FCF5-8F3E-46DE-9497-34C89847205E}.Release|Any CPU.Build.0 = Release|Any CPU
		{CD64CC34-8534-42FE-915B-A16E8C6EC074}.Debug|Any CPU.ActiveCfg = Debug|Any CPU
		{CD64CC34-8534-42FE-915B-A16E8C6EC074}.Debug|Any CPU.Build.0 = Debug|Any CPU
		{CD64CC34-8534-42FE-915B-A16E8C6EC074}.Release|Any CPU.ActiveCfg = Release|Any CPU
		{CD64CC34-8534-42FE-915B-A16E8C6EC074}.Release|Any CPU.Build.0 = Release|Any CPU
		{AA7557D7-A561-42EA-911B-51B8D0BE0462}.Debug|Any CPU.ActiveCfg = Debug|Any CPU
		{AA7557D7-A561-42EA-911B-51B8D0BE0462}.Debug|Any CPU.Build.0 = Debug|Any CPU
		{AA7557D7-A561-42EA-911B-51B8D0BE0462}.Release|Any CPU.ActiveCfg = Release|Any CPU
		{AA7557D7-A561-42EA-911B-51B8D0BE0462}.Release|Any CPU.Build.0 = Release|Any CPU
		{6F778D5D-CD7C-446D-A6B2-5BD2A3F36798}.Debug|Any CPU.ActiveCfg = Debug|Any CPU
		{6F778D5D-CD7C-446D-A6B2-5BD2A3F36798}.Debug|Any CPU.Build.0 = Debug|Any CPU
		{6F778D5D-CD7C-446D-A6B2-5BD2A3F36798}.Release|Any CPU.ActiveCfg = Release|Any CPU
		{6F778D5D-CD7C-446D-A6B2-5BD2A3F36798}.Release|Any CPU.Build.0 = Release|Any CPU
		{455D0FA4-4616-437D-A580-B2686B07000B}.Debug|Any CPU.ActiveCfg = Debug|Any CPU
		{455D0FA4-4616-437D-A580-B2686B07000B}.Debug|Any CPU.Build.0 = Debug|Any CPU
		{455D0FA4-4616-437D-A580-B2686B07000B}.Release|Any CPU.ActiveCfg = Release|Any CPU
		{455D0FA4-4616-437D-A580-B2686B07000B}.Release|Any CPU.Build.0 = Release|Any CPU
	EndGlobalSection
	GlobalSection(SolutionProperties) = preSolution
		HideSolutionNode = FALSE
	EndGlobalSection
	GlobalSection(ExtensibilityGlobals) = postSolution
		SolutionGuid = {09883236-47D3-4AFF-B1F5-714E9247ACF4}
	EndGlobalSection
EndGlobal
